
Microsoft Visual Studio Solution File, Format Version 12.00
# Visual Studio Version 17
VisualStudioVersion = 17.1.32414.318
MinimumVisualStudioVersion = 10.0.40219.1
Project("{9A19103F-16F7-4668-BE54-9A1E7A4F7556}") = "AATestBrowser", "AATestBrowser\AATestBrowser.csproj", "{40F34080-DD67-44B7-A3D8-8542565A14E4}"
EndProject
Project("{FAE04EC0-301F-11D3-BF4B-00C04F79EFBC}") = "WATestBrowser", "WATestBrowser\WATestBrowser.csproj", "{764A6226-15C5-401E-A9B8-BD261CF33535}"
EndProject
Global
	GlobalSection(SolutionConfigurationPlatforms) = preSolution
		Debug|Any CPU = Debug|Any CPU
		Release|Any CPU = Release|Any CPU
	EndGlobalSection
	GlobalSection(ProjectConfigurationPlatforms) = postSolution
		{40F34080-DD67-44B7-A3D8-8542565A14E4}.Debug|Any CPU.ActiveCfg = Debug|Any CPU
		{40F34080-DD67-44B7-A3D8-8542565A14E4}.Debug|Any CPU.Build.0 = Debug|Any CPU
		{40F34080-DD67-44B7-A3D8-8542565A14E4}.Release|Any CPU.ActiveCfg = Release|Any CPU
		{40F34080-DD67-44B7-A3D8-8542565A14E4}.Release|Any CPU.Build.0 = Release|Any CPU
		{764A6226-15C5-401E-A9B8-BD261CF33535}.Debug|Any CPU.ActiveCfg = Debug|Any CPU
		{764A6226-15C5-401E-A9B8-BD261CF33535}.Debug|Any CPU.Build.0 = Debug|Any CPU
		{764A6226-15C5-401E-A9B8-BD261CF33535}.Release|Any CPU.ActiveCfg = Release|Any CPU
		{764A6226-15C5-401E-A9B8-BD261CF33535}.Release|Any CPU.Build.0 = Release|Any CPU
	EndGlobalSection
	GlobalSection(SolutionProperties) = preSolution
		HideSolutionNode = FALSE
	EndGlobalSection
	GlobalSection(ExtensibilityGlobals) = postSolution
		SolutionGuid = {C08742A3-E353-4BE9-B863-61D7165E3BB1}
	EndGlobalSection
EndGlobal
